// !$*UTF8*$!
{
	archiveVersion = 1;
	classes = {
	};
	objectVersion = 50;
	objects = {

/* Begin PBXBuildFile section */
		617A8028218468AE00AA8A99 /* AppDelegate.swift in Sources */ = {isa = PBXBuildFile; fileRef = 617A8027218468AE00AA8A99 /* AppDelegate.swift */; };
		617A802A218468AE00AA8A99 /* ViewController.swift in Sources */ = {isa = PBXBuildFile; fileRef = 617A8029218468AE00AA8A99 /* ViewController.swift */; };
		617A802D218468AE00AA8A99 /* Main.storyboard in Resources */ = {isa = PBXBuildFile; fileRef = 617A802B218468AE00AA8A99 /* Main.storyboard */; };
		617A802F218468B300AA8A99 /* Assets.xcassets in Resources */ = {isa = PBXBuildFile; fileRef = 617A802E218468B300AA8A99 /* Assets.xcassets */; };
		617A8032218468B300AA8A99 /* LaunchScreen.storyboard in Resources */ = {isa = PBXBuildFile; fileRef = 617A8030218468B300AA8A99 /* LaunchScreen.storyboard */; };
		617A80402184718500AA8A99 /* Sqlite.swift in Sources */ = {isa = PBXBuildFile; fileRef = 617A803F2184718500AA8A99 /* Sqlite.swift */; };
		617A8043218479B700AA8A99 /* Constants.swift in Sources */ = {isa = PBXBuildFile; fileRef = 617A8042218479B700AA8A99 /* Constants.swift */; };
		617A804521847C3000AA8A99 /* NotesTableViewController.swift in Sources */ = {isa = PBXBuildFile; fileRef = 617A804421847C3000AA8A99 /* NotesTableViewController.swift */; };
		617A804721847F6B00AA8A99 /* NoteTableViewCell.swift in Sources */ = {isa = PBXBuildFile; fileRef = 617A804621847F6B00AA8A99 /* NoteTableViewCell.swift */; };
		617A80492184805F00AA8A99 /* Note.swift in Sources */ = {isa = PBXBuildFile; fileRef = 617A80482184805F00AA8A99 /* Note.swift */; };
		617A804B2184818000AA8A99 /* Extensions.swift in Sources */ = {isa = PBXBuildFile; fileRef = 617A804A2184818000AA8A99 /* Extensions.swift */; };
/* End PBXBuildFile section */

/* Begin PBXFileReference section */
		617A8024218468AE00AA8A99 /* NotesApp.app */ = {isa = PBXFileReference; explicitFileType = wrapper.application; includeInIndex = 0; path = NotesApp.app; sourceTree = BUILT_PRODUCTS_DIR; };
		617A8027218468AE00AA8A99 /* AppDelegate.swift */ = {isa = PBXFileReference; lastKnownFileType = sourcecode.swift; path = AppDelegate.swift; sourceTree = "<group>"; };
		617A8029218468AE00AA8A99 /* ViewController.swift */ = {isa = PBXFileReference; lastKnownFileType = sourcecode.swift; path = ViewController.swift; sourceTree = "<group>"; };
		617A802C218468AE00AA8A99 /* Base */ = {isa = PBXFileReference; lastKnownFileType = file.storyboard; name = Base; path = Base.lproj/Main.storyboard; sourceTree = "<group>"; };
		617A802E218468B300AA8A99 /* Assets.xcassets */ = {isa = PBXFileReference; lastKnownFileType = folder.assetcatalog; path = Assets.xcassets; sourceTree = "<group>"; };
		617A8031218468B300AA8A99 /* Base */ = {isa = PBXFileReference; lastKnownFileType = file.storyboard; name = Base; path = Base.lproj/LaunchScreen.storyboard; sourceTree = "<group>"; };
		617A8033218468B300AA8A99 /* Info.plist */ = {isa = PBXFileReference; lastKnownFileType = text.plist.xml; path = Info.plist; sourceTree = "<group>"; };
		617A803D21846D0700AA8A99 /* libsqlite3.0.tbd */ = {isa = PBXFileReference; lastKnownFileType = "sourcecode.text-based-dylib-definition"; name = libsqlite3.0.tbd; path = usr/lib/libsqlite3.0.tbd; sourceTree = SDKROOT; };
		617A803F2184718500AA8A99 /* Sqlite.swift */ = {isa = PBXFileReference; lastKnownFileType = sourcecode.swift; path = Sqlite.swift; sourceTree = "<group>"; };
		617A8042218479B700AA8A99 /* Constants.swift */ = {isa = PBXFileReference; lastKnownFileType = sourcecode.swift; path = Constants.swift; sourceTree = "<group>"; };
		617A804421847C3000AA8A99 /* NotesTableViewController.swift */ = {isa = PBXFileReference; lastKnownFileType = sourcecode.swift; path = NotesTableViewController.swift; sourceTree = "<group>"; };
		617A804621847F6B00AA8A99 /* NoteTableViewCell.swift */ = {isa = PBXFileReference; lastKnownFileType = sourcecode.swift; path = NoteTableViewCell.swift; sourceTree = "<group>"; };
		617A80482184805F00AA8A99 /* Note.swift */ = {isa = PBXFileReference; lastKnownFileType = sourcecode.swift; path = Note.swift; sourceTree = "<group>"; };
		617A804A2184818000AA8A99 /* Extensions.swift */ = {isa = PBXFileReference; lastKnownFileType = sourcecode.swift; path = Extensions.swift; sourceTree = "<group>"; };
/* End PBXFileReference section */

/* Begin PBXFrameworksBuildPhase section */
		617A8021218468AE00AA8A99 /* Frameworks */ = {
			isa = PBXFrameworksBuildPhase;
			buildActionMask = 2147483647;
			files = (
			);
			runOnlyForDeploymentPostprocessing = 0;
		};
/* End PBXFrameworksBuildPhase section */

/* Begin PBXGroup section */
		617A801B218468AE00AA8A99 = {
			isa = PBXGroup;
			children = (
				617A8026218468AE00AA8A99 /* NotesApp */,
				617A8025218468AE00AA8A99 /* Products */,
				617A803C21846D0700AA8A99 /* Frameworks */,
			);
			sourceTree = "<group>";
		};
		617A8025218468AE00AA8A99 /* Products */ = {
			isa = PBXGroup;
			children = (
				617A8024218468AE00AA8A99 /* NotesApp.app */,
			);
			name = Products;
			sourceTree = "<group>";
		};
		617A8026218468AE00AA8A99 /* NotesApp */ = {
			isa = PBXGroup;
			children = (
				617A80412184798000AA8A99 /* Supporting Files */,
				617A8039218468C300AA8A99 /* App */,
				617A803B218468F500AA8A99 /* Models */,
				617A803A218468EC00AA8A99 /* Views */,
				617A802B218468AE00AA8A99 /* Main.storyboard */,
				617A8033218468B300AA8A99 /* Info.plist */,
			);
			path = NotesApp;
			sourceTree = "<group>";
		};
		617A8039218468C300AA8A99 /* App */ = {
			isa = PBXGroup;
			children = (
				617A8030218468B300AA8A99 /* LaunchScreen.storyboard */,
				617A8027218468AE00AA8A99 /* AppDelegate.swift */,
				617A802E218468B300AA8A99 /* Assets.xcassets */,
			);
			path = App;
			sourceTree = "<group>";
		};
		617A803A218468EC00AA8A99 /* Views */ = {
			isa = PBXGroup;
			children = (
				617A8029218468AE00AA8A99 /* ViewController.swift */,
				617A804421847C3000AA8A99 /* NotesTableViewController.swift */,
				617A804621847F6B00AA8A99 /* NoteTableViewCell.swift */,
			);
			path = Views;
			sourceTree = "<group>";
		};
		617A803B218468F500AA8A99 /* Models */ = {
			isa = PBXGroup;
			children = (
				617A803F2184718500AA8A99 /* Sqlite.swift */,
				617A80482184805F00AA8A99 /* Note.swift */,
			);
			path = Models;
			sourceTree = "<group>";
		};
		617A803C21846D0700AA8A99 /* Frameworks */ = {
			isa = PBXGroup;
			children = (
				617A803D21846D0700AA8A99 /* libsqlite3.0.tbd */,
			);
			name = Frameworks;
			sourceTree = "<group>";
		};
		617A80412184798000AA8A99 /* Supporting Files */ = {
			isa = PBXGroup;
			children = (
				617A8042218479B700AA8A99 /* Constants.swift */,
				617A804A2184818000AA8A99 /* Extensions.swift */,
			);
			path = "Supporting Files";
			sourceTree = "<group>";
		};
/* End PBXGroup section */

/* Begin PBXNativeTarget section */
		617A8023218468AE00AA8A99 /* NotesApp */ = {
			isa = PBXNativeTarget;
			buildConfigurationList = 617A8036218468B400AA8A99 /* Build configuration list for PBXNativeTarget "NotesApp" */;
			buildPhases = (
				617A8020218468AE00AA8A99 /* Sources */,
				617A8021218468AE00AA8A99 /* Frameworks */,
				617A8022218468AE00AA8A99 /* Resources */,
			);
			buildRules = (
			);
			dependencies = (
			);
			name = NotesApp;
			productName = NotesApp;
			productReference = 617A8024218468AE00AA8A99 /* NotesApp.app */;
			productType = "com.apple.product-type.application";
		};
/* End PBXNativeTarget section */

/* Begin PBXProject section */
		617A801C218468AE00AA8A99 /* Project object */ = {
			isa = PBXProject;
			attributes = {
				LastSwiftUpdateCheck = 0940;
				LastUpgradeCheck = 0940;
				ORGANIZATIONNAME = "Mostafa AbdEl Fatah";
				TargetAttributes = {
					617A8023218468AE00AA8A99 = {
						CreatedOnToolsVersion = 9.4.1;
					};
				};
			};
			buildConfigurationList = 617A801F218468AE00AA8A99 /* Build configuration list for PBXProject "NotesApp" */;
			compatibilityVersion = "Xcode 9.3";
			developmentRegion = en;
			hasScannedForEncodings = 0;
			knownRegions = (
				en,
				Base,
			);
			mainGroup = 617A801B218468AE00AA8A99;
			productRefGroup = 617A8025218468AE00AA8A99 /* Products */;
			projectDirPath = "";
			projectRoot = "";
			targets = (
				617A8023218468AE00AA8A99 /* NotesApp */,
			);
		};
/* End PBXProject section */

/* Begin PBXResourcesBuildPhase section */
		617A8022218468AE00AA8A99 /* Resources */ = {
			isa = PBXResourcesBuildPhase;
			buildActionMask = 2147483647;
			files = (
				617A8032218468B300AA8A99 /* LaunchScreen.storyboard in Resources */,
				617A802F218468B300AA8A99 /* Assets.xcassets in Resources */,
				617A802D218468AE00AA8A99 /* Main.storyboard in Resources */,
			);
			runOnlyForDeploymentPostprocessing = 0;
		};
/* End PBXResourcesBuildPhase section */

/* Begin PBXSourcesBuildPhase section */
		617A8020218468AE00AA8A99 /* Sources */ = {
			isa = PBXSourcesBuildPhase;
			buildActionMask = 2147483647;
			files = (
				617A802A218468AE00AA8A99 /* ViewController.swift in Sources */,
				617A80402184718500AA8A99 /* Sqlite.swift in Sources */,
				617A80492184805F00AA8A99 /* Note.swift in Sources */,
				617A804B2184818000AA8A99 /* Extensions.swift in Sources */,
				617A8028218468AE00AA8A99 /* AppDelegate.swift in Sources */,
				617A8043218479B700AA8A99 /* Constants.swift in Sources */,
				617A804521847C3000AA8A99 /* NotesTableViewController.swift in Sources */,
				617A804721847F6B00AA8A99 /* NoteTableViewCell.swift in Sources */,
			);
			runOnlyForDeploymentPostprocessing = 0;
		};
/* End PBXSourcesBuildPhase section */

/* Begin PBXVariantGroup section */
		617A802B218468AE00AA8A99 /* Main.storyboard */ = {
			isa = PBXVariantGroup;
			children = (
				617A802C218468AE00AA8A99 /* Base */,
			);
			name = Main.storyboard;
			sourceTree = "<group>";
		};
		617A8030218468B300AA8A99 /* LaunchScreen.storyboard */ = {
			isa = PBXVariantGroup;
			children = (
				617A8031218468B300AA8A99 /* Base */,
			);
			name = LaunchScreen.storyboard;
			sourceTree = "<group>";
		};
/* End PBXVariantGroup section */

/* Begin XCBuildConfiguration section */
		617A8034218468B300AA8A99 /* Debug */ = {
			isa = XCBuildConfiguration;
			buildSettings = {
				ALWAYS_SEARCH_USER_PATHS = NO;
				CLANG_ANALYZER_NONNULL = YES;
				CLANG_ANALYZER_NUMBER_OBJECT_CONVERSION = YES_AGGRESSIVE;
				CLANG_CXX_LANGUAGE_STANDARD = "gnu++14";
				CLANG_CXX_LIBRARY = "libc++";
				CLANG_ENABLE_MODULES = YES;
				CLANG_ENABLE_OBJC_ARC = YES;
				CLANG_ENABLE_OBJC_WEAK = YES;
				CLANG_WARN_BLOCK_CAPTURE_AUTORELEASING = YES;
				CLANG_WARN_BOOL_CONVERSION = YES;
				CLANG_WARN_COMMA = YES;
				CLANG_WARN_CONSTANT_CONVERSION = YES;
				CLANG_WARN_DEPRECATED_OBJC_IMPLEMENTATIONS = YES;
				CLANG_WARN_DIRECT_OBJC_ISA_USAGE = YES_ERROR;
				CLANG_WARN_DOCUMENTATION_COMMENTS = YES;
				CLANG_WARN_EMPTY_BODY = YES;
				CLANG_WARN_ENUM_CONVERSION = YES;
				CLANG_WARN_INFINITE_RECURSION = YES;
				CLANG_WARN_INT_CONVERSION = YES;
				CLANG_WARN_NON_LITERAL_NULL_CONVERSION = YES;
				CLANG_WARN_OBJC_IMPLICIT_RETAIN_SELF = YES;
				CLANG_WARN_OBJC_LITERAL_CONVERSION = YES;
				CLANG_WARN_OBJC_ROOT_CLASS = YES_ERROR;
				CLANG_WARN_RANGE_LOOP_ANALYSIS = YES;
				CLANG_WARN_STRICT_PROTOTYPES = YES;
				CLANG_WARN_SUSPICIOUS_MOVE = YES;
				CLANG_WARN_UNGUARDED_AVAILABILITY = YES_AGGRESSIVE;
				CLANG_WARN_UNREACHABLE_CODE = YES;
				CLANG_WARN__DUPLICATE_METHOD_MATCH = YES;
				CODE_SIGN_IDENTITY = "iPhone Developer";
				COPY_PHASE_STRIP = NO;
				DEBUG_INFORMATION_FORMAT = dwarf;
				ENABLE_STRICT_OBJC_MSGSEND = YES;
				ENABLE_TESTABILITY = YES;
				GCC_C_LANGUAGE_STANDARD = gnu11;
				GCC_DYNAMIC_NO_PIC = NO;
				GCC_NO_COMMON_BLOCKS = YES;
				GCC_OPTIMIZATION_LEVEL = 0;
				GCC_PREPROCESSOR_DEFINITIONS = (
					"DEBUG=1",
					"$(inherited)",
				);
				GCC_WARN_64_TO_32_BIT_CONVERSION = YES;
				GCC_WARN_ABOUT_RETURN_TYPE = YES_ERROR;
				GCC_WARN_UNDECLARED_SELECTOR = YES;
				GCC_WARN_UNINITIALIZED_AUTOS = YES_AGGRESSIVE;
				GCC_WARN_UNUSED_FUNCTION = YES;
				GCC_WARN_UNUSED_VARIABLE = YES;
				IPHONEOS_DEPLOYMENT_TARGET = 11.4;
				MTL_ENABLE_DEBUG_INFO = YES;
				ONLY_ACTIVE_ARCH = YES;
				SDKROOT = iphoneos;
				SWIFT_ACTIVE_COMPILATION_CONDITIONS = DEBUG;
				SWIFT_OPTIMIZATION_LEVEL = "-Onone";
			};
			name = Debug;
		};
		617A8035218468B300AA8A99 /* Release */ = {
			isa = XCBuildConfiguration;
			buildSettings = {
				ALWAYS_SEARCH_USER_PATHS = NO;
				CLANG_ANALYZER_NONNULL = YES;
				CLANG_ANALYZER_NUMBER_OBJECT_CONVERSION = YES_AGGRESSIVE;
				CLANG_CXX_LANGUAGE_STANDARD = "gnu++14";
				CLANG_CXX_LIBRARY = "libc++";
				CLANG_ENABLE_MODULES = YES;
				CLANG_ENABLE_OBJC_ARC = YES;
				CLANG_ENABLE_OBJC_WEAK = YES;
				CLANG_WARN_BLOCK_CAPTURE_AUTORELEASING = YES;
				CLANG_WARN_BOOL_CONVERSION = YES;
				CLANG_WARN_COMMA = YES;
				CLANG_WARN_CONSTANT_CONVERSION = YES;
				CLANG_WARN_DEPRECATED_OBJC_IMPLEMENTATIONS = YES;
				CLANG_WARN_DIRECT_OBJC_ISA_USAGE = YES_ERROR;
				CLANG_WARN_DOCUMENTATION_COMMENTS = YES;
				CLANG_WARN_EMPTY_BODY = YES;
				CLANG_WARN_ENUM_CONVERSION = YES;
				CLANG_WARN_INFINITE_RECURSION = YES;
				CLANG_WARN_INT_CONVERSION = YES;
				CLANG_WARN_NON_LITERAL_NULL_CONVERSION = YES;
				CLANG_WARN_OBJC_IMPLICIT_RETAIN_SELF = YES;
				CLANG_WARN_OBJC_LITERAL_CONVERSION = YES;
				CLANG_WARN_OBJC_ROOT_CLASS = YES_ERROR;
				CLANG_WARN_RANGE_LOOP_ANALYSIS = YES;
				CLANG_WARN_STRICT_PROTOTYPES = YES;
				CLANG_WARN_SUSPICIOUS_MOVE = YES;
				CLANG_WARN_UNGUARDED_AVAILABILITY = YES_AGGRESSIVE;
				CLANG_WARN_UNREACHABLE_CODE = YES;
				CLANG_WARN__DUPLICATE_METHOD_MATCH = YES;
				CODE_SIGN_IDENTITY = "iPhone Developer";
				COPY_PHASE_STRIP = NO;
				DEBUG_INFORMATION_FORMAT = "dwarf-with-dsym";
				ENABLE_NS_ASSERTIONS = NO;
				ENABLE_STRICT_OBJC_MSGSEND = YES;
				GCC_C_LANGUAGE_STANDARD = gnu11;
				GCC_NO_COMMON_BLOCKS = YES;
				GCC_WARN_64_TO_32_BIT_CONVERSION = YES;
				GCC_WARN_ABOUT_RETURN_TYPE = YES_ERROR;
				GCC_WARN_UNDECLARED_SELECTOR = YES;
				GCC_WARN_UNINITIALIZED_AUTOS = YES_AGGRESSIVE;
				GCC_WARN_UNUSED_FUNCTION = YES;
				GCC_WARN_UNUSED_VARIABLE = YES;
				IPHONEOS_DEPLOYMENT_TARGET = 11.4;
				MTL_ENABLE_DEBUG_INFO = NO;
				SDKROOT = iphoneos;
				SWIFT_COMPILATION_MODE = wholemodule;
				SWIFT_OPTIMIZATION_LEVEL = "-O";
				VALIDATE_PRODUCT = YES;
			};
			name = Release;
		};
		617A8037218468B400AA8A99 /* Debug */ = {
			isa = XCBuildConfiguration;
			buildSettings = {
				ASSETCATALOG_COMPILER_APPICON_NAME = AppIcon;
				CODE_SIGN_STYLE = Automatic;
				INFOPLIST_FILE = NotesApp/Info.plist;
				LD_RUNPATH_SEARCH_PATHS = (
					"$(inherited)",
					"@executable_path/Frameworks",
				);
				PRODUCT_BUNDLE_IDENTIFIER = com.mostafa.fci.test.NotesApp;
				PRODUCT_NAME = "$(TARGET_NAME)";
				SWIFT_VERSION = 4.0;
				TARGETED_DEVICE_FAMILY = "1,2";
			};
			name = Debug;
		};
		617A8038218468B400AA8A99 /* Release */ = {
			isa = XCBuildConfiguration;
			buildSettings = {
				ASSETCATALOG_COMPILER_APPICON_NAME = AppIcon;
				CODE_SIGN_STYLE = Automatic;
				INFOPLIST_FILE = NotesApp/Info.plist;
				LD_RUNPATH_SEARCH_PATHS = (
					"$(inherited)",
					"@executable_path/Frameworks",
				);
				PRODUCT_BUNDLE_IDENTIFIER = com.mostafa.fci.test.NotesApp;
				PRODUCT_NAME = "$(TARGET_NAME)";
				SWIFT_VERSION = 4.0;
				TARGETED_DEVICE_FAMILY = "1,2";
			};
			name = Release;
		};
/* End XCBuildConfiguration section */

/* Begin XCConfigurationList section */
		617A801F218468AE00AA8A99 /* Build configuration list for PBXProject "NotesApp" */ = {
			isa = XCConfigurationList;
			buildConfigurations = (
				617A8034218468B300AA8A99 /* Debug */,
				617A8035218468B300AA8A99 /* Release */,
			);
			defaultConfigurationIsVisible = 0;
			defaultConfigurationName = Release;
		};
		617A8036218468B400AA8A99 /* Build configuration list for PBXNativeTarget "NotesApp" */ = {
			isa = XCConfigurationList;
			buildConfigurations = (
				617A8037218468B400AA8A99 /* Debug */,
				617A8038218468B400AA8A99 /* Release */,
			);
			defaultConfigurationIsVisible = 0;
			defaultConfigurationName = Release;
		};
/* End XCConfigurationList section */
	};
	rootObject = 617A801C218468AE00AA8A99 /* Project object */;
}
